
Microsoft Visual Studio Solution File, Format Version 12.00
# Visual Studio Version 17
VisualStudioVersion = 17.5.33627.172
MinimumVisualStudioVersion = 10.0.40219.1
Project("{FAE04EC0-301F-11D3-BF4B-00C04F79EFBC}") = "ShoppingList", "ShoppingList\ShoppingList.csproj", "{FEE39905-9CB2-42FD-AAF3-F98B6E958295}"
EndProject
Global
	GlobalSection(SolutionConfigurationPlatforms) = preSolution
		Debug|Any CPU = Debug|Any CPU
		Release|Any CPU = Release|Any CPU
	EndGlobalSection
	GlobalSection(ProjectConfigurationPlatforms) = postSolution
		{FEE39905-9CB2-42FD-AAF3-F98B6E958295}.Debug|Any CPU.ActiveCfg = Debug|Any CPU
		{FEE39905-9CB2-42FD-AAF3-F98B6E958295}.Debug|Any CPU.Build.0 = Debug|Any CPU
		{FEE39905-9CB2-42FD-AAF3-F98B6E958295}.Release|Any CPU.ActiveCfg = Release|Any CPU
		{FEE39905-9CB2-42FD-AAF3-F98B6E958295}.Release|Any CPU.Build.0 = Release|Any CPU
	EndGlobalSection
	GlobalSection(SolutionProperties) = preSolution
		HideSolutionNode = FALSE
	EndGlobalSection
	GlobalSection(ExtensibilityGlobals) = postSolution
		SolutionGuid = {A3EE03BE-FA03-495D-A119-C62024E01DD4}
	EndGlobalSection
EndGlobal
